
Microsoft Visual Studio Solution File, Format Version 12.00
# Visual Studio Version 17
VisualStudioVersion = 17.4.33205.214
MinimumVisualStudioVersion = 10.0.40219.1
Project("{9A19103F-16F7-4668-BE54-9A1E7A4F7556}") = "Venaro", "Venaro.csproj", "{15CDF92E-B649-4644-B599-F15A60E544E8}"
EndProject
Project("{FAE04EC0-301F-11D3-BF4B-00C04F79EFBC}") = "Venaro.DataAccess", "..\Venaro.DataAccess\Venaro.DataAccess.csproj", "{B684E0AE-C13B-4FBA-826F-0EAC3A4F2729}"
EndProject
Project("{FAE04EC0-301F-11D3-BF4B-00C04F79EFBC}") = "Venaro.Models", "..\Venaro.Models\Venaro.Models.csproj", "{74159C3F-93BC-46E9-AB11-D4252681845B}"
EndProject
Global
	GlobalSection(SolutionConfigurationPlatforms) = preSolution
		Debug|Any CPU = Debug|Any CPU
		Release|Any CPU = Release|Any CPU
	EndGlobalSection
	GlobalSection(ProjectConfigurationPlatforms) = postSolution
		{15CDF92E-B649-4644-B599-F15A60E544E8}.Debug|Any CPU.ActiveCfg = Debug|Any CPU
		{15CDF92E-B649-4644-B599-F15A60E544E8}.Debug|Any CPU.Build.0 = Debug|Any CPU
		{15CDF92E-B649-4644-B599-F15A60E544E8}.Release|Any CPU.ActiveCfg = Release|Any CPU
		{15CDF92E-B649-4644-B599-F15A60E544E8}.Release|Any CPU.Build.0 = Release|Any CPU
		{B684E0AE-C13B-4FBA-826F-0EAC3A4F2729}.Debug|Any CPU.ActiveCfg = Debug|Any CPU
		{B684E0AE-C13B-4FBA-826F-0EAC3A4F2729}.Debug|Any CPU.Build.0 = Debug|Any CPU
		{B684E0AE-C13B-4FBA-826F-0EAC3A4F2729}.Release|Any CPU.ActiveCfg = Release|Any CPU
		{B684E0AE-C13B-4FBA-826F-0EAC3A4F2729}.Release|Any CPU.Build.0 = Release|Any CPU
		{74159C3F-93BC-46E9-AB11-D4252681845B}.Debug|Any CPU.ActiveCfg = Debug|Any CPU
		{74159C3F-93BC-46E9-AB11-D4252681845B}.Debug|Any CPU.Build.0 = Debug|Any CPU
		{74159C3F-93BC-46E9-AB11-D4252681845B}.Release|Any CPU.ActiveCfg = Release|Any CPU
		{74159C3F-93BC-46E9-AB11-D4252681845B}.Release|Any CPU.Build.0 = Release|Any CPU
	EndGlobalSection
	GlobalSection(SolutionProperties) = preSolution
		HideSolutionNode = FALSE
	EndGlobalSection
	GlobalSection(ExtensibilityGlobals) = postSolution
		SolutionGuid = {7B54877E-36B1-4710-970D-EA175545394C}
	EndGlobalSection
EndGlobal
